// !$*UTF8*$!
{
	archiveVersion = 1;
	classes = {
	};
	objectVersion = 46;
	objects = {

/* Begin PBXBuildFile section */
		1F186910190D0EFB00A2915D /* xButton.png in Resources */ = {isa = PBXBuildFile; fileRef = 1F1868FA190D0EFB00A2915D /* xButton.png */; };
		1F186911190D0EFB00A2915D /* arrow.png in Resources */ = {isa = PBXBuildFile; fileRef = 1F1868FB190D0EFB00A2915D /* arrow.png */; };
		1F186912190D0EFB00A2915D /* gray.png in Resources */ = {isa = PBXBuildFile; fileRef = 1F1868FC190D0EFB00A2915D /* gray.png */; };
		1F186913190D0EFB00A2915D /* arrowbg.png in Resources */ = {isa = PBXBuildFile; fileRef = 1F1868FD190D0EFB00A2915D /* arrowbg.png */; };
		1F186914190D0EFB00A2915D /* polaroid-wall (1).jpg in Resources */ = {isa = PBXBuildFile; fileRef = 1F1868FE190D0EFB00A2915D /* polaroid-wall (1).jpg */; };
		1F186915190D0EFB00A2915D /* green.png in Resources */ = {isa = PBXBuildFile; fileRef = 1F1868FF190D0EFB00A2915D /* green.png */; };
		1F186916190D0EFB00A2915D /* bar.png in Resources */ = {isa = PBXBuildFile; fileRef = 1F186900190D0EFB00A2915D /* bar.png */; };
		1F186917190D0EFB00A2915D /* logbutton.png in Resources */ = {isa = PBXBuildFile; fileRef = 1F186901190D0EFB00A2915D /* logbutton.png */; };
		1F186918190D0EFB00A2915D /* user.png in Resources */ = {isa = PBXBuildFile; fileRef = 1F186902190D0EFB00A2915D /* user.png */; };
		1F186919190D0EFB00A2915D /* pw.png in Resources */ = {isa = PBXBuildFile; fileRef = 1F186903190D0EFB00A2915D /* pw.png */; };
		1F18691A190D0EFB00A2915D /* white.png in Resources */ = {isa = PBXBuildFile; fileRef = 1F186904190D0EFB00A2915D /* white.png */; };
		1F18691B190D0EFB00A2915D /* default3.png in Resources */ = {isa = PBXBuildFile; fileRef = 1F186905190D0EFB00A2915D /* default3.png */; };
		1F18691C190D0EFB00A2915D /* default4.png in Resources */ = {isa = PBXBuildFile; fileRef = 1F186906190D0EFB00A2915D /* default4.png */; };
		1F18691D190D0EFB00A2915D /* pattern.png in Resources */ = {isa = PBXBuildFile; fileRef = 1F186907190D0EFB00A2915D /* pattern.png */; };
		1F18691E190D0EFB00A2915D /* NanumBrush.ttf in Resources */ = {isa = PBXBuildFile; fileRef = 1F186908190D0EFB00A2915D /* NanumBrush.ttf */; };
		1F18691F190D0EFB00A2915D /* ico_photo.png in Resources */ = {isa = PBXBuildFile; fileRef = 1F186909190D0EFB00A2915D /* ico_photo.png */; };
		1F186920190D0EFB00A2915D /* ico_photo@2x.png in Resources */ = {isa = PBXBuildFile; fileRef = 1F18690A190D0EFB00A2915D /* ico_photo@2x.png */; };
		1F186921190D0EFB00A2915D /* ico_save.png in Resources */ = {isa = PBXBuildFile; fileRef = 1F18690B190D0EFB00A2915D /* ico_save.png */; };
		1F186922190D0EFB00A2915D /* ico_save@2x.png in Resources */ = {isa = PBXBuildFile; fileRef = 1F18690C190D0EFB00A2915D /* ico_save@2x.png */; };
		1F186923190D0EFB00A2915D /* twine.png in Resources */ = {isa = PBXBuildFile; fileRef = 1F18690D190D0EFB00A2915D /* twine.png */; };
		1F186924190D0EFB00A2915D /* 나무집게1.png in Resources */ = {isa = PBXBuildFile; fileRef = 1F18690E190D0EFB00A2915D /* 나무집게1.png */; };
		1F186925190D0EFB00A2915D /* blurBG.png in Resources */ = {isa = PBXBuildFile; fileRef = 1F18690F190D0EFB00A2915D /* blurBG.png */; };
		1F186927190D0F0F00A2915D /* Main.storyboard in Resources */ = {isa = PBXBuildFile; fileRef = 1F186926190D0F0F00A2915D /* Main.storyboard */; };
		1F186931190D0F6900A2915D /* EMLoginViewController.m in Sources */ = {isa = PBXBuildFile; fileRef = 1F18692A190D0F6900A2915D /* EMLoginViewController.m */; };
		1F186932190D0F6900A2915D /* EMPolaroidGalleryView.m in Sources */ = {isa = PBXBuildFile; fileRef = 1F18692C190D0F6900A2915D /* EMPolaroidGalleryView.m */; };
		1F186933190D0F6900A2915D /* EMPolaroidViewController.m in Sources */ = {isa = PBXBuildFile; fileRef = 1F18692E190D0F6900A2915D /* EMPolaroidViewController.m */; };
		1F186934190D0F6900A2915D /* EMSignUpViewController.m in Sources */ = {isa = PBXBuildFile; fileRef = 1F186930190D0F6900A2915D /* EMSignUpViewController.m */; };
		1F186936190D11B400A2915D /* NanumPen.ttf in Resources */ = {isa = PBXBuildFile; fileRef = 1F186935190D11B400A2915D /* NanumPen.ttf */; };
		1F18693A190D139E00A2915D /* AdSupport.framework in Frameworks */ = {isa = PBXBuildFile; fileRef = 1F186939190D139E00A2915D /* AdSupport.framework */; };
		1F18693C190D13A800A2915D /* AssetsLibrary.framework in Frameworks */ = {isa = PBXBuildFile; fileRef = 1F18693B190D13A800A2915D /* AssetsLibrary.framework */; };
		1F18693E190D13B700A2915D /* SystemConfiguration.framework in Frameworks */ = {isa = PBXBuildFile; fileRef = 1F18693D190D13B700A2915D /* SystemConfiguration.framework */; };
		1F186940190D13BE00A2915D /* StoreKit.framework in Frameworks */ = {isa = PBXBuildFile; fileRef = 1F18693F190D13BE00A2915D /* StoreKit.framework */; };
		1F186942190D13C600A2915D /* QuartzCore.framework in Frameworks */ = {isa = PBXBuildFile; fileRef = 1F186941190D13C600A2915D /* QuartzCore.framework */; };
		1F186944190D13CC00A2915D /* OpenGLES.framework in Frameworks */ = {isa = PBXBuildFile; fileRef = 1F186943190D13CC00A2915D /* OpenGLES.framework */; };
		1F186946190D13D200A2915D /* MessageUI.framework in Frameworks */ = {isa = PBXBuildFile; fileRef = 1F186945190D13D200A2915D /* MessageUI.framework */; };
		1F186948190D13D900A2915D /* libz.1.2.5.dylib in Frameworks */ = {isa = PBXBuildFile; fileRef = 1F186947190D13D900A2915D /* libz.1.2.5.dylib */; };
		1F18694A190D13E000A2915D /* libsqlite3.0.dylib in Frameworks */ = {isa = PBXBuildFile; fileRef = 1F186949190D13E000A2915D /* libsqlite3.0.dylib */; };
		1F18694C190D13E600A2915D /* CoreText.framework in Frameworks */ = {isa = PBXBuildFile; fileRef = 1F18694B190D13E600A2915D /* CoreText.framework */; };
		1F18694E190D13EC00A2915D /* CoreData.framework in Frameworks */ = {isa = PBXBuildFile; fileRef = 1F18694D190D13EC00A2915D /* CoreData.framework */; };
		1F186950190D13F600A2915D /* Accelerate.framework in Frameworks */ = {isa = PBXBuildFile; fileRef = 1F18694F190D13F600A2915D /* Accelerate.framework */; };
		1F186962190D152100A2915D /* EMPhotoEditViewController.m in Sources */ = {isa = PBXBuildFile; fileRef = 1F186961190D152100A2915D /* EMPhotoEditViewController.m */; };
		1F18696B190D4D5700A2915D /* AviarySDK.framework in Frameworks */ = {isa = PBXBuildFile; fileRef = 1F186969190D4D5700A2915D /* AviarySDK.framework */; };
		1F18696C190D4D5700A2915D /* AviarySDKResources.bundle in Resources */ = {isa = PBXBuildFile; fileRef = 1F18696A190D4D5700A2915D /* AviarySDKResources.bundle */; };
		1F18696D190D506C00A2915D /* Local.strings in Resources */ = {isa = PBXBuildFile; fileRef = 1F18696F190D506C00A2915D /* Local.strings */; };
		1F186975190D601E00A2915D /* introBg.png in Resources */ = {isa = PBXBuildFile; fileRef = 1F186973190D601E00A2915D /* introBg.png */; };
		1F186976190D601E00A2915D /* introBg@2x.png in Resources */ = {isa = PBXBuildFile; fileRef = 1F186974190D601E00A2915D /* introBg@2x.png */; };
		1F18697D190D65DA00A2915D /* intro1.png in Resources */ = {isa = PBXBuildFile; fileRef = 1F186977190D65DA00A2915D /* intro1.png */; };
		1F18697E190D65DA00A2915D /* intro2.png in Resources */ = {isa = PBXBuildFile; fileRef = 1F186978190D65DA00A2915D /* intro2.png */; };
		1F18697F190D65DA00A2915D /* intro3.png in Resources */ = {isa = PBXBuildFile; fileRef = 1F186979190D65DA00A2915D /* intro3.png */; };
		1F186980190D65DA00A2915D /* intro4.png in Resources */ = {isa = PBXBuildFile; fileRef = 1F18697A190D65DA00A2915D /* intro4.png */; };
		1F186981190D65DA00A2915D /* intro5.png in Resources */ = {isa = PBXBuildFile; fileRef = 1F18697B190D65DA00A2915D /* intro5.png */; };
		1F186982190D65DA00A2915D /* intro6.png in Resources */ = {isa = PBXBuildFile; fileRef = 1F18697C190D65DA00A2915D /* intro6.png */; };
		1F186984190D6E2B00A2915D /* intro7.png in Resources */ = {isa = PBXBuildFile; fileRef = 1F186983190D6E2B00A2915D /* intro7.png */; };
		1F186987190D767D00A2915D /* pageDot.png in Resources */ = {isa = PBXBuildFile; fileRef = 1F186985190D767D00A2915D /* pageDot.png */; };
		1F186988190D767D00A2915D /* pageDot@2x.png in Resources */ = {isa = PBXBuildFile; fileRef = 1F186986190D767D00A2915D /* pageDot@2x.png */; };
		1F792846190D0D4C00E2C061 /* Foundation.framework in Frameworks */ = {isa = PBXBuildFile; fileRef = 1F792845190D0D4C00E2C061 /* Foundation.framework */; };
		1F792848190D0D4C00E2C061 /* CoreGraphics.framework in Frameworks */ = {isa = PBXBuildFile; fileRef = 1F792847190D0D4C00E2C061 /* CoreGraphics.framework */; };
		1F79284A190D0D4C00E2C061 /* UIKit.framework in Frameworks */ = {isa = PBXBuildFile; fileRef = 1F792849190D0D4C00E2C061 /* UIKit.framework */; };
		1F792850190D0D4C00E2C061 /* InfoPlist.strings in Resources */ = {isa = PBXBuildFile; fileRef = 1F79284E190D0D4C00E2C061 /* InfoPlist.strings */; };
		1F792852190D0D4C00E2C061 /* main.m in Sources */ = {isa = PBXBuildFile; fileRef = 1F792851190D0D4C00E2C061 /* main.m */; };
		1F792856190D0D4C00E2C061 /* AppDelegate.m in Sources */ = {isa = PBXBuildFile; fileRef = 1F792855190D0D4C00E2C061 /* AppDelegate.m */; };
		1F792858190D0D4C00E2C061 /* Images.xcassets in Resources */ = {isa = PBXBuildFile; fileRef = 1F792857190D0D4C00E2C061 /* Images.xcassets */; };
		1F79285F190D0D4C00E2C061 /* XCTest.framework in Frameworks */ = {isa = PBXBuildFile; fileRef = 1F79285E190D0D4C00E2C061 /* XCTest.framework */; };
		1F792860190D0D4C00E2C061 /* Foundation.framework in Frameworks */ = {isa = PBXBuildFile; fileRef = 1F792845190D0D4C00E2C061 /* Foundation.framework */; };
		1F792861190D0D4C00E2C061 /* UIKit.framework in Frameworks */ = {isa = PBXBuildFile; fileRef = 1F792849190D0D4C00E2C061 /* UIKit.framework */; };
		1F792869190D0D4C00E2C061 /* InfoPlist.strings in Resources */ = {isa = PBXBuildFile; fileRef = 1F792867190D0D4C00E2C061 /* InfoPlist.strings */; };
		1F79286B190D0D4C00E2C061 /* GradationTests.m in Sources */ = {isa = PBXBuildFile; fileRef = 1F79286A190D0D4C00E2C061 /* GradationTests.m */; };
		A5B33026F1784A228C3C8B1A /* libPods.a in Frameworks */ = {isa = PBXBuildFile; fileRef = B4BE4424E48142E296F1CCB7 /* libPods.a */; };
/* End PBXBuildFile section */

/* Begin PBXContainerItemProxy section */
		1F792862190D0D4C00E2C061 /* PBXContainerItemProxy */ = {
			isa = PBXContainerItemProxy;
			containerPortal = 1F79283A190D0D4C00E2C061 /* Project object */;
			proxyType = 1;
			remoteGlobalIDString = 1F792841190D0D4C00E2C061;
			remoteInfo = Gradation;
		};
/* End PBXContainerItemProxy section */

/* Begin PBXFileReference section */
		1F1868FA190D0EFB00A2915D /* xButton.png */ = {isa = PBXFileReference; lastKnownFileType = image.png; path = xButton.png; sourceTree = "<group>"; };
		1F1868FB190D0EFB00A2915D /* arrow.png */ = {isa = PBXFileReference; lastKnownFileType = image.png; path = arrow.png; sourceTree = "<group>"; };
		1F1868FC190D0EFB00A2915D /* gray.png */ = {isa = PBXFileReference; lastKnownFileType = image.png; path = gray.png; sourceTree = "<group>"; };
		1F1868FD190D0EFB00A2915D /* arrowbg.png */ = {isa = PBXFileReference; lastKnownFileType = image.png; path = arrowbg.png; sourceTree = "<group>"; };
		1F1868FE190D0EFB00A2915D /* polaroid-wall (1).jpg */ = {isa = PBXFileReference; lastKnownFileType = image.jpeg; path = "polaroid-wall (1).jpg"; sourceTree = "<group>"; };
		1F1868FF190D0EFB00A2915D /* green.png */ = {isa = PBXFileReference; lastKnownFileType = image.png; path = green.png; sourceTree = "<group>"; };
		1F186900190D0EFB00A2915D /* bar.png */ = {isa = PBXFileReference; lastKnownFileType = image.png; path = bar.png; sourceTree = "<group>"; };
		1F186901190D0EFB00A2915D /* logbutton.png */ = {isa = PBXFileReference; lastKnownFileType = image.png; path = logbutton.png; sourceTree = "<group>"; };
		1F186902190D0EFB00A2915D /* user.png */ = {isa = PBXFileReference; lastKnownFileType = image.png; path = user.png; sourceTree = "<group>"; };
		1F186903190D0EFB00A2915D /* pw.png */ = {isa = PBXFileReference; lastKnownFileType = image.png; path = pw.png; sourceTree = "<group>"; };
		1F186904190D0EFB00A2915D /* white.png */ = {isa = PBXFileReference; lastKnownFileType = image.png; path = white.png; sourceTree = "<group>"; };
		1F186905190D0EFB00A2915D /* default3.png */ = {isa = PBXFileReference; lastKnownFileType = image.png; path = default3.png; sourceTree = "<group>"; };
		1F186906190D0EFB00A2915D /* default4.png */ = {isa = PBXFileReference; lastKnownFileType = image.png; path = default4.png; sourceTree = "<group>"; };
		1F186907190D0EFB00A2915D /* pattern.png */ = {isa = PBXFileReference; lastKnownFileType = image.png; path = pattern.png; sourceTree = "<group>"; };
		1F186908190D0EFB00A2915D /* NanumBrush.ttf */ = {isa = PBXFileReference; lastKnownFileType = file; path = NanumBrush.ttf; sourceTree = "<group>"; };
		1F186909190D0EFB00A2915D /* ico_photo.png */ = {isa = PBXFileReference; lastKnownFileType = image.png; path = ico_photo.png; sourceTree = "<group>"; };
		1F18690A190D0EFB00A2915D /* ico_photo@2x.png */ = {isa = PBXFileReference; lastKnownFileType = image.png; path = "ico_photo@2x.png"; sourceTree = "<group>"; };
		1F18690B190D0EFB00A2915D /* ico_save.png */ = {isa = PBXFileReference; lastKnownFileType = image.png; path = ico_save.png; sourceTree = "<group>"; };
		1F18690C190D0EFB00A2915D /* ico_save@2x.png */ = {isa = PBXFileReference; lastKnownFileType = image.png; path = "ico_save@2x.png"; sourceTree = "<group>"; };
		1F18690D190D0EFB00A2915D /* twine.png */ = {isa = PBXFileReference; lastKnownFileType = image.png; path = twine.png; sourceTree = "<group>"; };
		1F18690E190D0EFB00A2915D /* 나무집게1.png */ = {isa = PBXFileReference; lastKnownFileType = image.png; path = "나무집게1.png"; sourceTree = "<group>"; };
		1F18690F190D0EFB00A2915D /* blurBG.png */ = {isa = PBXFileReference; lastKnownFileType = image.png; path = blurBG.png; sourceTree = "<group>"; };
		1F186926190D0F0F00A2915D /* Main.storyboard */ = {isa = PBXFileReference; fileEncoding = 4; lastKnownFileType = file.storyboard; path = Main.storyboard; sourceTree = "<group>"; };
		1F186929190D0F6900A2915D /* EMLoginViewController.h */ = {isa = PBXFileReference; fileEncoding = 4; lastKnownFileType = sourcecode.c.h; path = EMLoginViewController.h; sourceTree = "<group>"; };
		1F18692A190D0F6900A2915D /* EMLoginViewController.m */ = {isa = PBXFileReference; fileEncoding = 4; lastKnownFileType = sourcecode.c.objc; path = EMLoginViewController.m; sourceTree = "<group>"; };
		1F18692B190D0F6900A2915D /* EMPolaroidGalleryView.h */ = {isa = PBXFileReference; fileEncoding = 4; lastKnownFileType = sourcecode.c.h; path = EMPolaroidGalleryView.h; sourceTree = "<group>"; };
		1F18692C190D0F6900A2915D /* EMPolaroidGalleryView.m */ = {isa = PBXFileReference; fileEncoding = 4; lastKnownFileType = sourcecode.c.objc; path = EMPolaroidGalleryView.m; sourceTree = "<group>"; };
		1F18692D190D0F6900A2915D /* EMPolaroidViewController.h */ = {isa = PBXFileReference; fileEncoding = 4; lastKnownFileType = sourcecode.c.h; path = EMPolaroidViewController.h; sourceTree = "<group>"; };
		1F18692E190D0F6900A2915D /* EMPolaroidViewController.m */ = {isa = PBXFileReference; fileEncoding = 4; lastKnownFileType = sourcecode.c.objc; path = EMPolaroidViewController.m; sourceTree = "<group>"; };
		1F18692F190D0F6900A2915D /* EMSignUpViewController.h */ = {isa = PBXFileReference; fileEncoding = 4; lastKnownFileType = sourcecode.c.h; path = EMSignUpViewController.h; sourceTree = "<group>"; };
		1F186930190D0F6900A2915D /* EMSignUpViewController.m */ = {isa = PBXFileReference; fileEncoding = 4; lastKnownFileType = sourcecode.c.objc; path = EMSignUpViewController.m; sourceTree = "<group>"; };
		1F186935190D11B400A2915D /* NanumPen.ttf */ = {isa = PBXFileReference; lastKnownFileType = file; path = NanumPen.ttf; sourceTree = "<group>"; };
		1F186939190D139E00A2915D /* AdSupport.framework */ = {isa = PBXFileReference; lastKnownFileType = wrapper.framework; name = AdSupport.framework; path = System/Library/Frameworks/AdSupport.framework; sourceTree = SDKROOT; };
		1F18693B190D13A800A2915D /* AssetsLibrary.framework */ = {isa = PBXFileReference; lastKnownFileType = wrapper.framework; name = AssetsLibrary.framework; path = System/Library/Frameworks/AssetsLibrary.framework; sourceTree = SDKROOT; };
		1F18693D190D13B700A2915D /* SystemConfiguration.framework */ = {isa = PBXFileReference; lastKnownFileType = wrapper.framework; name = SystemConfiguration.framework; path = System/Library/Frameworks/SystemConfiguration.framework; sourceTree = SDKROOT; };
		1F18693F190D13BE00A2915D /* StoreKit.framework */ = {isa = PBXFileReference; lastKnownFileType = wrapper.framework; name = StoreKit.framework; path = System/Library/Frameworks/StoreKit.framework; sourceTree = SDKROOT; };
		1F186941190D13C600A2915D /* QuartzCore.framework */ = {isa = PBXFileReference; lastKnownFileType = wrapper.framework; name = QuartzCore.framework; path = System/Library/Frameworks/QuartzCore.framework; sourceTree = SDKROOT; };
		1F186943190D13CC00A2915D /* OpenGLES.framework */ = {isa = PBXFileReference; lastKnownFileType = wrapper.framework; name = OpenGLES.framework; path = System/Library/Frameworks/OpenGLES.framework; sourceTree = SDKROOT; };
		1F186945190D13D200A2915D /* MessageUI.framework */ = {isa = PBXFileReference; lastKnownFileType = wrapper.framework; name = MessageUI.framework; path = System/Library/Frameworks/MessageUI.framework; sourceTree = SDKROOT; };
		1F186947190D13D900A2915D /* libz.1.2.5.dylib */ = {isa = PBXFileReference; lastKnownFileType = "compiled.mach-o.dylib"; name = libz.1.2.5.dylib; path = usr/lib/libz.1.2.5.dylib; sourceTree = SDKROOT; };
		1F186949190D13E000A2915D /* libsqlite3.0.dylib */ = {isa = PBXFileReference; lastKnownFileType = "compiled.mach-o.dylib"; name = libsqlite3.0.dylib; path = usr/lib/libsqlite3.0.dylib; sourceTree = SDKROOT; };
		1F18694B190D13E600A2915D /* CoreText.framework */ = {isa = PBXFileReference; lastKnownFileType = wrapper.framework; name = CoreText.framework; path = System/Library/Frameworks/CoreText.framework; sourceTree = SDKROOT; };
		1F18694D190D13EC00A2915D /* CoreData.framework */ = {isa = PBXFileReference; lastKnownFileType = wrapper.framework; name = CoreData.framework; path = System/Library/Frameworks/CoreData.framework; sourceTree = SDKROOT; };
		1F18694F190D13F600A2915D /* Accelerate.framework */ = {isa = PBXFileReference; lastKnownFileType = wrapper.framework; name = Accelerate.framework; path = System/Library/Frameworks/Accelerate.framework; sourceTree = SDKROOT; };
		1F186960190D152100A2915D /* EMPhotoEditorViewController.h */ = {isa = PBXFileReference; fileEncoding = 4; lastKnownFileType = sourcecode.c.h; path = EMPhotoEditorViewController.h; sourceTree = "<group>"; };
		1F186961190D152100A2915D /* EMPhotoEditViewController.m */ = {isa = PBXFileReference; fileEncoding = 4; lastKnownFileType = sourcecode.c.objc; path = EMPhotoEditViewController.m; sourceTree = "<group>"; };
		1F186969190D4D5700A2915D /* AviarySDK.framework */ = {isa = PBXFileReference; lastKnownFileType = wrapper.framework; path = AviarySDK.framework; sourceTree = "<group>"; };
		1F18696A190D4D5700A2915D /* AviarySDKResources.bundle */ = {isa = PBXFileReference; lastKnownFileType = "wrapper.plug-in"; path = AviarySDKResources.bundle; sourceTree = "<group>"; };
		1F18696E190D506C00A2915D /* en */ = {isa = PBXFileReference; lastKnownFileType = text.plist.strings; name = en; path = en.lproj/Local.strings; sourceTree = "<group>"; };
		1F186970190D508A00A2915D /* ko */ = {isa = PBXFileReference; lastKnownFileType = text.plist.strings; name = ko; path = ko.lproj/Local.strings; sourceTree = "<group>"; };
		1F186971190D508A00A2915D /* ko */ = {isa = PBXFileReference; lastKnownFileType = text.plist.strings; name = ko; path = ko.lproj/InfoPlist.strings; sourceTree = "<group>"; };
		1F186972190D508A00A2915D /* ko */ = {isa = PBXFileReference; lastKnownFileType = text.plist.strings; name = ko; path = ko.lproj/InfoPlist.strings; sourceTree = "<group>"; };
		1F186973190D601E00A2915D /* introBg.png */ = {isa = PBXFileReference; lastKnownFileType = image.png; path = introBg.png; sourceTree = "<group>"; };
		1F186974190D601E00A2915D /* introBg@2x.png */ = {isa = PBXFileReference; lastKnownFileType = image.png; path = "introBg@2x.png"; sourceTree = "<group>"; };
		1F186977190D65DA00A2915D /* intro1.png */ = {isa = PBXFileReference; lastKnownFileType = image.png; path = intro1.png; sourceTree = "<group>"; };
		1F186978190D65DA00A2915D /* intro2.png */ = {isa = PBXFileReference; lastKnownFileType = image.png; path = intro2.png; sourceTree = "<group>"; };
		1F186979190D65DA00A2915D /* intro3.png */ = {isa = PBXFileReference; lastKnownFileType = image.png; path = intro3.png; sourceTree = "<group>"; };
		1F18697A190D65DA00A2915D /* intro4.png */ = {isa = PBXFileReference; lastKnownFileType = image.png; path = intro4.png; sourceTree = "<group>"; };
		1F18697B190D65DA00A2915D /* intro5.png */ = {isa = PBXFileReference; lastKnownFileType = image.png; path = intro5.png; sourceTree = "<group>"; };
		1F18697C190D65DA00A2915D /* intro6.png */ = {isa = PBXFileReference; lastKnownFileType = image.png; path = intro6.png; sourceTree = "<group>"; };
		1F186983190D6E2B00A2915D /* intro7.png */ = {isa = PBXFileReference; lastKnownFileType = image.png; path = intro7.png; sourceTree = "<group>"; };
		1F186985190D767D00A2915D /* pageDot.png */ = {isa = PBXFileReference; lastKnownFileType = image.png; path = pageDot.png; sourceTree = "<group>"; };
		1F186986190D767D00A2915D /* pageDot@2x.png */ = {isa = PBXFileReference; lastKnownFileType = image.png; path = "pageDot@2x.png"; sourceTree = "<group>"; };
		1F792842190D0D4C00E2C061 /* Gradation.app */ = {isa = PBXFileReference; explicitFileType = wrapper.application; includeInIndex = 0; path = Gradation.app; sourceTree = BUILT_PRODUCTS_DIR; };
		1F792845190D0D4C00E2C061 /* Foundation.framework */ = {isa = PBXFileReference; lastKnownFileType = wrapper.framework; name = Foundation.framework; path = System/Library/Frameworks/Foundation.framework; sourceTree = SDKROOT; };
		1F792847190D0D4C00E2C061 /* CoreGraphics.framework */ = {isa = PBXFileReference; lastKnownFileType = wrapper.framework; name = CoreGraphics.framework; path = System/Library/Frameworks/CoreGraphics.framework; sourceTree = SDKROOT; };
		1F792849190D0D4C00E2C061 /* UIKit.framework */ = {isa = PBXFileReference; lastKnownFileType = wrapper.framework; name = UIKit.framework; path = System/Library/Frameworks/UIKit.framework; sourceTree = SDKROOT; };
		1F79284D190D0D4C00E2C061 /* Gradation-Info.plist */ = {isa = PBXFileReference; lastKnownFileType = text.plist.xml; path = "Gradation-Info.plist"; sourceTree = "<group>"; };
		1F79284F190D0D4C00E2C061 /* en */ = {isa = PBXFileReference; lastKnownFileType = text.plist.strings; name = en; path = en.lproj/InfoPlist.strings; sourceTree = "<group>"; };
		1F792851190D0D4C00E2C061 /* main.m */ = {isa = PBXFileReference; lastKnownFileType = sourcecode.c.objc; path = main.m; sourceTree = "<group>"; };
		1F792853190D0D4C00E2C061 /* Gradation-Prefix.pch */ = {isa = PBXFileReference; lastKnownFileType = sourcecode.c.h; path = "Gradation-Prefix.pch"; sourceTree = "<group>"; };
		1F792854190D0D4C00E2C061 /* AppDelegate.h */ = {isa = PBXFileReference; lastKnownFileType = sourcecode.c.h; path = AppDelegate.h; sourceTree = "<group>"; };
		1F792855190D0D4C00E2C061 /* AppDelegate.m */ = {isa = PBXFileReference; lastKnownFileType = sourcecode.c.objc; path = AppDelegate.m; sourceTree = "<group>"; };
		1F792857190D0D4C00E2C061 /* Images.xcassets */ = {isa = PBXFileReference; lastKnownFileType = folder.assetcatalog; path = Images.xcassets; sourceTree = "<group>"; };
		1F79285D190D0D4C00E2C061 /* GradationTests.xctest */ = {isa = PBXFileReference; explicitFileType = wrapper.cfbundle; includeInIndex = 0; path = GradationTests.xctest; sourceTree = BUILT_PRODUCTS_DIR; };
		1F79285E190D0D4C00E2C061 /* XCTest.framework */ = {isa = PBXFileReference; lastKnownFileType = wrapper.framework; name = XCTest.framework; path = Library/Frameworks/XCTest.framework; sourceTree = DEVELOPER_DIR; };
		1F792866190D0D4C00E2C061 /* GradationTests-Info.plist */ = {isa = PBXFileReference; lastKnownFileType = text.plist.xml; path = "GradationTests-Info.plist"; sourceTree = "<group>"; };
		1F792868190D0D4C00E2C061 /* en */ = {isa = PBXFileReference; lastKnownFileType = text.plist.strings; name = en; path = en.lproj/InfoPlist.strings; sourceTree = "<group>"; };
		1F79286A190D0D4C00E2C061 /* GradationTests.m */ = {isa = PBXFileReference; lastKnownFileType = sourcecode.c.objc; path = GradationTests.m; sourceTree = "<group>"; };
		8705A0DC2863407CBB0928B5 /* Pods.xcconfig */ = {isa = PBXFileReference; includeInIndex = 1; lastKnownFileType = text.xcconfig; name = Pods.xcconfig; path = Pods/Pods.xcconfig; sourceTree = "<group>"; };
		B4BE4424E48142E296F1CCB7 /* libPods.a */ = {isa = PBXFileReference; explicitFileType = archive.ar; includeInIndex = 0; path = libPods.a; sourceTree = BUILT_PRODUCTS_DIR; };
/* End PBXFileReference section */

/* Begin PBXFrameworksBuildPhase section */
		1F79283F190D0D4C00E2C061 /* Frameworks */ = {
			isa = PBXFrameworksBuildPhase;
			buildActionMask = 2147483647;
			files = (
				1F18694E190D13EC00A2915D /* CoreData.framework in Frameworks */,
				1F186950190D13F600A2915D /* Accelerate.framework in Frameworks */,
				1F792848190D0D4C00E2C061 /* CoreGraphics.framework in Frameworks */,
				1F18694C190D13E600A2915D /* CoreText.framework in Frameworks */,
				1F18694A190D13E000A2915D /* libsqlite3.0.dylib in Frameworks */,
				1F186948190D13D900A2915D /* libz.1.2.5.dylib in Frameworks */,
				1F186946190D13D200A2915D /* MessageUI.framework in Frameworks */,
				1F186944190D13CC00A2915D /* OpenGLES.framework in Frameworks */,
				1F186942190D13C600A2915D /* QuartzCore.framework in Frameworks */,
				1F186940190D13BE00A2915D /* StoreKit.framework in Frameworks */,
				1F18693E190D13B700A2915D /* SystemConfiguration.framework in Frameworks */,
				1F18693C190D13A800A2915D /* AssetsLibrary.framework in Frameworks */,
				1F18693A190D139E00A2915D /* AdSupport.framework in Frameworks */,
				1F79284A190D0D4C00E2C061 /* UIKit.framework in Frameworks */,
				1F18696B190D4D5700A2915D /* AviarySDK.framework in Frameworks */,
				1F792846190D0D4C00E2C061 /* Foundation.framework in Frameworks */,
				A5B33026F1784A228C3C8B1A /* libPods.a in Frameworks */,
			);
			runOnlyForDeploymentPostprocessing = 0;
		};
		1F79285A190D0D4C00E2C061 /* Frameworks */ = {
			isa = PBXFrameworksBuildPhase;
			buildActionMask = 2147483647;
			files = (
				1F79285F190D0D4C00E2C061 /* XCTest.framework in Frameworks */,
				1F792861190D0D4C00E2C061 /* UIKit.framework in Frameworks */,
				1F792860190D0D4C00E2C061 /* Foundation.framework in Frameworks */,
			);
			runOnlyForDeploymentPostprocessing = 0;
		};
/* End PBXFrameworksBuildPhase section */

/* Begin PBXGroup section */
		1F1868F8190D0ED600A2915D /* Resources */ = {
			isa = PBXGroup;
			children = (
				1F186969190D4D5700A2915D /* AviarySDK.framework */,
				1F18696A190D4D5700A2915D /* AviarySDKResources.bundle */,
				1F18696F190D506C00A2915D /* Local.strings */,
				1F186935190D11B400A2915D /* NanumPen.ttf */,
				1F186908190D0EFB00A2915D /* NanumBrush.ttf */,
				1F792857190D0D4C00E2C061 /* Images.xcassets */,
				1F186926190D0F0F00A2915D /* Main.storyboard */,
				1F1868F9190D0EEA00A2915D /* Images */,
			);
			name = Resources;
			sourceTree = "<group>";
		};
		1F1868F9190D0EEA00A2915D /* Images */ = {
			isa = PBXGroup;
			children = (
				1F186985190D767D00A2915D /* pageDot.png */,
				1F186986190D767D00A2915D /* pageDot@2x.png */,
				1F186973190D601E00A2915D /* introBg.png */,
				1F186974190D601E00A2915D /* introBg@2x.png */,
				1F1868FA190D0EFB00A2915D /* xButton.png */,
				1F1868FB190D0EFB00A2915D /* arrow.png */,
				1F1868FC190D0EFB00A2915D /* gray.png */,
				1F1868FD190D0EFB00A2915D /* arrowbg.png */,
				1F1868FE190D0EFB00A2915D /* polaroid-wall (1).jpg */,
				1F1868FF190D0EFB00A2915D /* green.png */,
				1F186900190D0EFB00A2915D /* bar.png */,
				1F186901190D0EFB00A2915D /* logbutton.png */,
				1F186902190D0EFB00A2915D /* user.png */,
				1F186903190D0EFB00A2915D /* pw.png */,
				1F186904190D0EFB00A2915D /* white.png */,
				1F186905190D0EFB00A2915D /* default3.png */,
				1F186906190D0EFB00A2915D /* default4.png */,
				1F186907190D0EFB00A2915D /* pattern.png */,
				1F186909190D0EFB00A2915D /* ico_photo.png */,
				1F18690A190D0EFB00A2915D /* ico_photo@2x.png */,
				1F18690B190D0EFB00A2915D /* ico_save.png */,
				1F18690C190D0EFB00A2915D /* ico_save@2x.png */,
				1F18690D190D0EFB00A2915D /* twine.png */,
				1F18690E190D0EFB00A2915D /* 나무집게1.png */,
				1F18690F190D0EFB00A2915D /* blurBG.png */,
				1F186977190D65DA00A2915D /* intro1.png */,
				1F186978190D65DA00A2915D /* intro2.png */,
				1F186979190D65DA00A2915D /* intro3.png */,
				1F18697A190D65DA00A2915D /* intro4.png */,
				1F18697B190D65DA00A2915D /* intro5.png */,
				1F18697C190D65DA00A2915D /* intro6.png */,
				1F186983190D6E2B00A2915D /* intro7.png */,
			);
			name = Images;
			sourceTree = "<group>";
		};
		1F186928190D0F2900A2915D /* Classes */ = {
			isa = PBXGroup;
			children = (
				1F186929190D0F6900A2915D /* EMLoginViewController.h */,
				1F18692A190D0F6900A2915D /* EMLoginViewController.m */,
				1F18692B190D0F6900A2915D /* EMPolaroidGalleryView.h */,
				1F18692C190D0F6900A2915D /* EMPolaroidGalleryView.m */,
				1F18692D190D0F6900A2915D /* EMPolaroidViewController.h */,
				1F18692E190D0F6900A2915D /* EMPolaroidViewController.m */,
				1F18692F190D0F6900A2915D /* EMSignUpViewController.h */,
				1F186930190D0F6900A2915D /* EMSignUpViewController.m */,
				1F186960190D152100A2915D /* EMPhotoEditorViewController.h */,
				1F186961190D152100A2915D /* EMPhotoEditViewController.m */,
			);
			name = Classes;
			sourceTree = "<group>";
		};
		1F792839190D0D4C00E2C061 = {
			isa = PBXGroup;
			children = (
				1F79284B190D0D4C00E2C061 /* Gradation */,
				1F792864190D0D4C00E2C061 /* GradationTests */,
				1F792844190D0D4C00E2C061 /* Frameworks */,
				1F792843190D0D4C00E2C061 /* Products */,
				8705A0DC2863407CBB0928B5 /* Pods.xcconfig */,
			);
			sourceTree = "<group>";
		};
		1F792843190D0D4C00E2C061 /* Products */ = {
			isa = PBXGroup;
			children = (
				1F792842190D0D4C00E2C061 /* Gradation.app */,
				1F79285D190D0D4C00E2C061 /* GradationTests.xctest */,
			);
			name = Products;
			sourceTree = "<group>";
		};
		1F792844190D0D4C00E2C061 /* Frameworks */ = {
			isa = PBXGroup;
			children = (
				1F18694F190D13F600A2915D /* Accelerate.framework */,
				1F18694D190D13EC00A2915D /* CoreData.framework */,
				1F18694B190D13E600A2915D /* CoreText.framework */,
				1F186949190D13E000A2915D /* libsqlite3.0.dylib */,
				1F186947190D13D900A2915D /* libz.1.2.5.dylib */,
				1F186945190D13D200A2915D /* MessageUI.framework */,
				1F186943190D13CC00A2915D /* OpenGLES.framework */,
				1F186941190D13C600A2915D /* QuartzCore.framework */,
				1F18693F190D13BE00A2915D /* StoreKit.framework */,
				1F18693D190D13B700A2915D /* SystemConfiguration.framework */,
				1F18693B190D13A800A2915D /* AssetsLibrary.framework */,
				1F186939190D139E00A2915D /* AdSupport.framework */,
				1F792845190D0D4C00E2C061 /* Foundation.framework */,
				1F792847190D0D4C00E2C061 /* CoreGraphics.framework */,
				1F792849190D0D4C00E2C061 /* UIKit.framework */,
				1F79285E190D0D4C00E2C061 /* XCTest.framework */,
				B4BE4424E48142E296F1CCB7 /* libPods.a */,
			);
			name = Frameworks;
			sourceTree = "<group>";
		};
		1F79284B190D0D4C00E2C061 /* Gradation */ = {
			isa = PBXGroup;
			children = (
				1F186928190D0F2900A2915D /* Classes */,
				1F1868F8190D0ED600A2915D /* Resources */,
				1F79284C190D0D4C00E2C061 /* Supporting Files */,
			);
			path = Gradation;
			sourceTree = "<group>";
		};
		1F79284C190D0D4C00E2C061 /* Supporting Files */ = {
			isa = PBXGroup;
			children = (
				1F79284D190D0D4C00E2C061 /* Gradation-Info.plist */,
				1F79284E190D0D4C00E2C061 /* InfoPlist.strings */,
				1F792851190D0D4C00E2C061 /* main.m */,
				1F792853190D0D4C00E2C061 /* Gradation-Prefix.pch */,
				1F792854190D0D4C00E2C061 /* AppDelegate.h */,
				1F792855190D0D4C00E2C061 /* AppDelegate.m */,
			);
			name = "Supporting Files";
			sourceTree = "<group>";
		};
		1F792864190D0D4C00E2C061 /* GradationTests */ = {
			isa = PBXGroup;
			children = (
				1F79286A190D0D4C00E2C061 /* GradationTests.m */,
				1F792865190D0D4C00E2C061 /* Supporting Files */,
			);
			path = GradationTests;
			sourceTree = "<group>";
		};
		1F792865190D0D4C00E2C061 /* Supporting Files */ = {
			isa = PBXGroup;
			children = (
				1F792866190D0D4C00E2C061 /* GradationTests-Info.plist */,
				1F792867190D0D4C00E2C061 /* InfoPlist.strings */,
			);
			name = "Supporting Files";
			sourceTree = "<group>";
		};
/* End PBXGroup section */

/* Begin PBXNativeTarget section */
		1F792841190D0D4C00E2C061 /* Gradation */ = {
			isa = PBXNativeTarget;
			buildConfigurationList = 1F79286E190D0D4C00E2C061 /* Build configuration list for PBXNativeTarget "Gradation" */;
			buildPhases = (
				520FEFAB5E5843AF84C16449 /* Check Pods Manifest.lock */,
				1F79283E190D0D4C00E2C061 /* Sources */,
				1F79283F190D0D4C00E2C061 /* Frameworks */,
				1F792840190D0D4C00E2C061 /* Resources */,
				F9EF6E0BA8D5455ABEF362EC /* Copy Pods Resources */,
			);
			buildRules = (
			);
			dependencies = (
			);
			name = Gradation;
			productName = Gradation;
			productReference = 1F792842190D0D4C00E2C061 /* Gradation.app */;
			productType = "com.apple.product-type.application";
		};
		1F79285C190D0D4C00E2C061 /* GradationTests */ = {
			isa = PBXNativeTarget;
			buildConfigurationList = 1F792871190D0D4C00E2C061 /* Build configuration list for PBXNativeTarget "GradationTests" */;
			buildPhases = (
				1F792859190D0D4C00E2C061 /* Sources */,
				1F79285A190D0D4C00E2C061 /* Frameworks */,
				1F79285B190D0D4C00E2C061 /* Resources */,
			);
			buildRules = (
			);
			dependencies = (
				1F792863190D0D4C00E2C061 /* PBXTargetDependency */,
			);
			name = GradationTests;
			productName = GradationTests;
			productReference = 1F79285D190D0D4C00E2C061 /* GradationTests.xctest */;
			productType = "com.apple.product-type.bundle.unit-test";
		};
/* End PBXNativeTarget section */

/* Begin PBXProject section */
		1F79283A190D0D4C00E2C061 /* Project object */ = {
			isa = PBXProject;
			attributes = {
				LastUpgradeCheck = 0510;
				ORGANIZATIONNAME = EntusApps;
				TargetAttributes = {
					1F79285C190D0D4C00E2C061 = {
						TestTargetID = 1F792841190D0D4C00E2C061;
					};
				};
			};
			buildConfigurationList = 1F79283D190D0D4C00E2C061 /* Build configuration list for PBXProject "Gradation" */;
			compatibilityVersion = "Xcode 3.2";
			developmentRegion = English;
			hasScannedForEncodings = 0;
			knownRegions = (
				en,
				ko,
			);
			mainGroup = 1F792839190D0D4C00E2C061;
			productRefGroup = 1F792843190D0D4C00E2C061 /* Products */;
			projectDirPath = "";
			projectRoot = "";
			targets = (
				1F792841190D0D4C00E2C061 /* Gradation */,
				1F79285C190D0D4C00E2C061 /* GradationTests */,
			);
		};
/* End PBXProject section */

/* Begin PBXResourcesBuildPhase section */
		1F792840190D0D4C00E2C061 /* Resources */ = {
			isa = PBXResourcesBuildPhase;
			buildActionMask = 2147483647;
			files = (
				1F18697F190D65DA00A2915D /* intro3.png in Resources */,
				1F186919190D0EFB00A2915D /* pw.png in Resources */,
				1F186927190D0F0F00A2915D /* Main.storyboard in Resources */,
				1F186916190D0EFB00A2915D /* bar.png in Resources */,
				1F186975190D601E00A2915D /* introBg.png in Resources */,
				1F186914190D0EFB00A2915D /* polaroid-wall (1).jpg in Resources */,
				1F792850190D0D4C00E2C061 /* InfoPlist.strings in Resources */,
				1F18691E190D0EFB00A2915D /* NanumBrush.ttf in Resources */,
				1F186918190D0EFB00A2915D /* user.png in Resources */,
				1F186981190D65DA00A2915D /* intro5.png in Resources */,
				1F18697D190D65DA00A2915D /* intro1.png in Resources */,
				1F18691B190D0EFB00A2915D /* default3.png in Resources */,
				1F18696D190D506C00A2915D /* Local.strings in Resources */,
				1F186923190D0EFB00A2915D /* twine.png in Resources */,
				1F186912190D0EFB00A2915D /* gray.png in Resources */,
				1F186982190D65DA00A2915D /* intro6.png in Resources */,
				1F186988190D767D00A2915D /* pageDot@2x.png in Resources */,
				1F186913190D0EFB00A2915D /* arrowbg.png in Resources */,
				1F18691A190D0EFB00A2915D /* white.png in Resources */,
				1F18691C190D0EFB00A2915D /* default4.png in Resources */,
				1F186910190D0EFB00A2915D /* xButton.png in Resources */,
				1F186917190D0EFB00A2915D /* logbutton.png in Resources */,
				1F18691D190D0EFB00A2915D /* pattern.png in Resources */,
				1F186915190D0EFB00A2915D /* green.png in Resources */,
				1F186984190D6E2B00A2915D /* intro7.png in Resources */,
				1F792858190D0D4C00E2C061 /* Images.xcassets in Resources */,
				1F186924190D0EFB00A2915D /* 나무집게1.png in Resources */,
				1F186922190D0EFB00A2915D /* ico_save@2x.png in Resources */,
				1F186976190D601E00A2915D /* introBg@2x.png in Resources */,
				1F186987190D767D00A2915D /* pageDot.png in Resources */,
				1F186980190D65DA00A2915D /* intro4.png in Resources */,
				1F186925190D0EFB00A2915D /* blurBG.png in Resources */,
				1F186921190D0EFB00A2915D /* ico_save.png in Resources */,
				1F186920190D0EFB00A2915D /* ico_photo@2x.png in Resources */,
				1F18697E190D65DA00A2915D /* intro2.png in Resources */,
				1F18691F190D0EFB00A2915D /* ico_photo.png in Resources */,
				1F186936190D11B400A2915D /* NanumPen.ttf in Resources */,
				1F186911190D0EFB00A2915D /* arrow.png in Resources */,
				1F18696C190D4D5700A2915D /* AviarySDKResources.bundle in Resources */,
			);
			runOnlyForDeploymentPostprocessing = 0;
		};
		1F79285B190D0D4C00E2C061 /* Resources */ = {
			isa = PBXResourcesBuildPhase;
			buildActionMask = 2147483647;
			files = (
				1F792869190D0D4C00E2C061 /* InfoPlist.strings in Resources */,
			);
			runOnlyForDeploymentPostprocessing = 0;
		};
/* End PBXResourcesBuildPhase section */

/* Begin PBXShellScriptBuildPhase section */
		520FEFAB5E5843AF84C16449 /* Check Pods Manifest.lock */ = {
			isa = PBXShellScriptBuildPhase;
			buildActionMask = 2147483647;
			files = (
			);
			inputPaths = (
			);
			name = "Check Pods Manifest.lock";
			outputPaths = (
			);
			runOnlyForDeploymentPostprocessing = 0;
			shellPath = /bin/sh;
			shellScript = "diff \"${PODS_ROOT}/../Podfile.lock\" \"${PODS_ROOT}/Manifest.lock\" > /dev/null\nif [[ $? != 0 ]] ; then\n    cat << EOM\nerror: The sandbox is not in sync with the Podfile.lock. Run 'pod install' or update your CocoaPods installation.\nEOM\n    exit 1\nfi\n";
			showEnvVarsInLog = 0;
		};
		F9EF6E0BA8D5455ABEF362EC /* Copy Pods Resources */ = {
			isa = PBXShellScriptBuildPhase;
			buildActionMask = 2147483647;
			files = (
			);
			inputPaths = (
			);
			name = "Copy Pods Resources";
			outputPaths = (
			);
			runOnlyForDeploymentPostprocessing = 0;
			shellPath = /bin/sh;
			shellScript = "\"${SRCROOT}/Pods/Pods-resources.sh\"\n";
			showEnvVarsInLog = 0;
		};
/* End PBXShellScriptBuildPhase section */

/* Begin PBXSourcesBuildPhase section */
		1F79283E190D0D4C00E2C061 /* Sources */ = {
			isa = PBXSourcesBuildPhase;
			buildActionMask = 2147483647;
			files = (
				1F186962190D152100A2915D /* EMPhotoEditViewController.m in Sources */,
				1F186933190D0F6900A2915D /* EMPolaroidViewController.m in Sources */,
				1F792856190D0D4C00E2C061 /* AppDelegate.m in Sources */,
				1F186934190D0F6900A2915D /* EMSignUpViewController.m in Sources */,
				1F792852190D0D4C00E2C061 /* main.m in Sources */,
				1F186931190D0F6900A2915D /* EMLoginViewController.m in Sources */,
				1F186932190D0F6900A2915D /* EMPolaroidGalleryView.m in Sources */,
			);
			runOnlyForDeploymentPostprocessing = 0;
		};
		1F792859190D0D4C00E2C061 /* Sources */ = {
			isa = PBXSourcesBuildPhase;
			buildActionMask = 2147483647;
			files = (
				1F79286B190D0D4C00E2C061 /* GradationTests.m in Sources */,
			);
			runOnlyForDeploymentPostprocessing = 0;
		};
/* End PBXSourcesBuildPhase section */

/* Begin PBXTargetDependency section */
		1F792863190D0D4C00E2C061 /* PBXTargetDependency */ = {
			isa = PBXTargetDependency;
			target = 1F792841190D0D4C00E2C061 /* Gradation */;
			targetProxy = 1F792862190D0D4C00E2C061 /* PBXContainerItemProxy */;
		};
/* End PBXTargetDependency section */

/* Begin PBXVariantGroup section */
		1F18696F190D506C00A2915D /* Local.strings */ = {
			isa = PBXVariantGroup;
			children = (
				1F18696E190D506C00A2915D /* en */,
				1F186970190D508A00A2915D /* ko */,
			);
			name = Local.strings;
			sourceTree = "<group>";
		};
		1F79284E190D0D4C00E2C061 /* InfoPlist.strings */ = {
			isa = PBXVariantGroup;
			children = (
				1F79284F190D0D4C00E2C061 /* en */,
				1F186971190D508A00A2915D /* ko */,
			);
			name = InfoPlist.strings;
			sourceTree = "<group>";
		};
		1F792867190D0D4C00E2C061 /* InfoPlist.strings */ = {
			isa = PBXVariantGroup;
			children = (
				1F792868190D0D4C00E2C061 /* en */,
				1F186972190D508A00A2915D /* ko */,
			);
			name = InfoPlist.strings;
			sourceTree = "<group>";
		};
/* End PBXVariantGroup section */

/* Begin XCBuildConfiguration section */
		1F79286C190D0D4C00E2C061 /* Debug */ = {
			isa = XCBuildConfiguration;
			buildSettings = {
				ALWAYS_SEARCH_USER_PATHS = NO;
				CLANG_CXX_LANGUAGE_STANDARD = "gnu++0x";
				CLANG_CXX_LIBRARY = "libc++";
				CLANG_ENABLE_MODULES = YES;
				CLANG_ENABLE_OBJC_ARC = YES;
				CLANG_WARN_BOOL_CONVERSION = YES;
				CLANG_WARN_CONSTANT_CONVERSION = YES;
				CLANG_WARN_DIRECT_OBJC_ISA_USAGE = YES_ERROR;
				CLANG_WARN_EMPTY_BODY = YES;
				CLANG_WARN_ENUM_CONVERSION = YES;
				CLANG_WARN_INT_CONVERSION = YES;
				CLANG_WARN_OBJC_ROOT_CLASS = YES_ERROR;
				CLANG_WARN__DUPLICATE_METHOD_MATCH = YES;
				"CODE_SIGN_IDENTITY[sdk=iphoneos*]" = "iPhone Developer";
				COPY_PHASE_STRIP = NO;
				GCC_C_LANGUAGE_STANDARD = gnu99;
				GCC_DYNAMIC_NO_PIC = NO;
				GCC_OPTIMIZATION_LEVEL = 0;
				GCC_PREPROCESSOR_DEFINITIONS = (
					"DEBUG=1",
					"$(inherited)",
				);
				GCC_SYMBOLS_PRIVATE_EXTERN = NO;
				GCC_WARN_64_TO_32_BIT_CONVERSION = YES;
				GCC_WARN_ABOUT_RETURN_TYPE = YES_ERROR;
				GCC_WARN_UNDECLARED_SELECTOR = YES;
				GCC_WARN_UNINITIALIZED_AUTOS = YES_AGGRESSIVE;
				GCC_WARN_UNUSED_FUNCTION = YES;
				GCC_WARN_UNUSED_VARIABLE = YES;
				IPHONEOS_DEPLOYMENT_TARGET = 7.1;
				ONLY_ACTIVE_ARCH = YES;
				SDKROOT = iphoneos;
			};
			name = Debug;
		};
		1F79286D190D0D4C00E2C061 /* Release */ = {
			isa = XCBuildConfiguration;
			buildSettings = {
				ALWAYS_SEARCH_USER_PATHS = NO;
				CLANG_CXX_LANGUAGE_STANDARD = "gnu++0x";
				CLANG_CXX_LIBRARY = "libc++";
				CLANG_ENABLE_MODULES = YES;
				CLANG_ENABLE_OBJC_ARC = YES;
				CLANG_WARN_BOOL_CONVERSION = YES;
				CLANG_WARN_CONSTANT_CONVERSION = YES;
				CLANG_WARN_DIRECT_OBJC_ISA_USAGE = YES_ERROR;
				CLANG_WARN_EMPTY_BODY = YES;
				CLANG_WARN_ENUM_CONVERSION = YES;
				CLANG_WARN_INT_CONVERSION = YES;
				CLANG_WARN_OBJC_ROOT_CLASS = YES_ERROR;
				CLANG_WARN__DUPLICATE_METHOD_MATCH = YES;
				"CODE_SIGN_IDENTITY[sdk=iphoneos*]" = "iPhone Developer";
				COPY_PHASE_STRIP = YES;
				ENABLE_NS_ASSERTIONS = NO;
				GCC_C_LANGUAGE_STANDARD = gnu99;
				GCC_WARN_64_TO_32_BIT_CONVERSION = YES;
				GCC_WARN_ABOUT_RETURN_TYPE = YES_ERROR;
				GCC_WARN_UNDECLARED_SELECTOR = YES;
				GCC_WARN_UNINITIALIZED_AUTOS = YES_AGGRESSIVE;
				GCC_WARN_UNUSED_FUNCTION = YES;
				GCC_WARN_UNUSED_VARIABLE = YES;
				IPHONEOS_DEPLOYMENT_TARGET = 7.1;
				SDKROOT = iphoneos;
				VALIDATE_PRODUCT = YES;
			};
			name = Release;
		};
		1F79286F190D0D4C00E2C061 /* Debug */ = {
			isa = XCBuildConfiguration;
			baseConfigurationReference = 8705A0DC2863407CBB0928B5 /* Pods.xcconfig */;
			buildSettings = {
				ARCHS = "$(ARCHS_STANDARD)";
				ASSETCATALOG_COMPILER_APPICON_NAME = AppIcon;
				ASSETCATALOG_COMPILER_LAUNCHIMAGE_NAME = LaunchImage;
				FRAMEWORK_SEARCH_PATHS = (
					"$(inherited)",
					"$(PROJECT_DIR)/Gradation",
				);
				GCC_PRECOMPILE_PREFIX_HEADER = YES;
				GCC_PREFIX_HEADER = "Gradation/Gradation-Prefix.pch";
				INFOPLIST_FILE = "Gradation/Gradation-Info.plist";
				IPHONEOS_DEPLOYMENT_TARGET = 7.0;
				LIBRARY_SEARCH_PATHS = (
					"$(inherited)",
					"$(PROJECT_DIR)/Gradation/AviarySDK",
				);
				OTHER_LDFLAGS = (
					"-ObjC",
					"-all_load",
				);
				PRODUCT_NAME = "$(TARGET_NAME)";
				VALID_ARCHS = "arm64 armv7 armv7s";
				WRAPPER_EXTENSION = app;
			};
			name = Debug;
		};
		1F792870190D0D4C00E2C061 /* Release */ = {
			isa = XCBuildConfiguration;
			baseConfigurationReference = 8705A0DC2863407CBB0928B5 /* Pods.xcconfig */;
			buildSettings = {
				ARCHS = "$(ARCHS_STANDARD)";
				ASSETCATALOG_COMPILER_APPICON_NAME = AppIcon;
				ASSETCATALOG_COMPILER_LAUNCHIMAGE_NAME = LaunchImage;
				FRAMEWORK_SEARCH_PATHS = (
					"$(inherited)",
					"$(PROJECT_DIR)/Gradation",
				);
				GCC_PRECOMPILE_PREFIX_HEADER = YES;
				GCC_PREFIX_HEADER = "Gradation/Gradation-Prefix.pch";
				INFOPLIST_FILE = "Gradation/Gradation-Info.plist";
				IPHONEOS_DEPLOYMENT_TARGET = 7.0;
				LIBRARY_SEARCH_PATHS = (
					"$(inherited)",
					"$(PROJECT_DIR)/Gradation/AviarySDK",
				);
				OTHER_LDFLAGS = (
					"-ObjC",
					"-all_load",
				);
				PRODUCT_NAME = "$(TARGET_NAME)";
				VALID_ARCHS = "arm64 armv7 armv7s";
				WRAPPER_EXTENSION = app;
			};
			name = Release;
		};
		1F792872190D0D4C00E2C061 /* Debug */ = {
			isa = XCBuildConfiguration;
			buildSettings = {
				BUNDLE_LOADER = "$(BUILT_PRODUCTS_DIR)/Gradation.app/Gradation";
				FRAMEWORK_SEARCH_PATHS = (
					"$(SDKROOT)/Developer/Library/Frameworks",
					"$(inherited)",
					"$(DEVELOPER_FRAMEWORKS_DIR)",
				);
				GCC_PRECOMPILE_PREFIX_HEADER = YES;
				GCC_PREFIX_HEADER = "Gradation/Gradation-Prefix.pch";
				GCC_PREPROCESSOR_DEFINITIONS = (
					"DEBUG=1",
					"$(inherited)",
				);
				INFOPLIST_FILE = "GradationTests/GradationTests-Info.plist";
				PRODUCT_NAME = "$(TARGET_NAME)";
				TEST_HOST = "$(BUNDLE_LOADER)";
				WRAPPER_EXTENSION = xctest;
			};
			name = Debug;
		};
		1F792873190D0D4C00E2C061 /* Release */ = {
			isa = XCBuildConfiguration;
			buildSettings = {
				BUNDLE_LOADER = "$(BUILT_PRODUCTS_DIR)/Gradation.app/Gradation";
				FRAMEWORK_SEARCH_PATHS = (
					"$(SDKROOT)/Developer/Library/Frameworks",
					"$(inherited)",
					"$(DEVELOPER_FRAMEWORKS_DIR)",
				);
				GCC_PRECOMPILE_PREFIX_HEADER = YES;
				GCC_PREFIX_HEADER = "Gradation/Gradation-Prefix.pch";
				INFOPLIST_FILE = "GradationTests/GradationTests-Info.plist";
				PRODUCT_NAME = "$(TARGET_NAME)";
				TEST_HOST = "$(BUNDLE_LOADER)";
				WRAPPER_EXTENSION = xctest;
			};
			name = Release;
		};
/* End XCBuildConfiguration section */

/* Begin XCConfigurationList section */
		1F79283D190D0D4C00E2C061 /* Build configuration list for PBXProject "Gradation" */ = {
			isa = XCConfigurationList;
			buildConfigurations = (
				1F79286C190D0D4C00E2C061 /* Debug */,
				1F79286D190D0D4C00E2C061 /* Release */,
			);
			defaultConfigurationIsVisible = 0;
			defaultConfigurationName = Release;
		};
		1F79286E190D0D4C00E2C061 /* Build configuration list for PBXNativeTarget "Gradation" */ = {
			isa = XCConfigurationList;
			buildConfigurations = (
				1F79286F190D0D4C00E2C061 /* Debug */,
				1F792870190D0D4C00E2C061 /* Release */,
			);
			defaultConfigurationIsVisible = 0;
			defaultConfigurationName = Release;
		};
		1F792871190D0D4C00E2C061 /* Build configuration list for PBXNativeTarget "GradationTests" */ = {
			isa = XCConfigurationList;
			buildConfigurations = (
				1F792872190D0D4C00E2C061 /* Debug */,
				1F792873190D0D4C00E2C061 /* Release */,
			);
			defaultConfigurationIsVisible = 0;
			defaultConfigurationName = Release;
		};
/* End XCConfigurationList section */
	};
	rootObject = 1F79283A190D0D4C00E2C061 /* Project object */;
}
